{
  "object": {
    "pins": [
      {
        "package": "NavigationStack",
        "repositoryURL": "https://github.com/matteopuc/swiftui-navigation-stack",
        "state": {
          "branch": "master",
          "revision": "be0db68ed0d84ed543bf8f7600a1f84de015f753",
          "version": null
        }
      }
    ]
  },
  "version": 1
}
